
Microsoft Visual Studio Solution File, Format Version 12.00
# Visual Studio 14
VisualStudioVersion = 14.0.25420.1
MinimumVisualStudioVersion = 10.0.40219.1
Project("{F184B08F-C81C-45F6-A57F-5ABD9991F28F}") = "存储管理系统可视化", "存储管理系统可视化\存储管理系统可视化.vbproj", "{64D677D3-0544-4960-9088-7DC6C9BAF66C}"
EndProject
Global
	GlobalSection(SolutionConfigurationPlatforms) = preSolution
		Debug|Any CPU = Debug|Any CPU
		Release|Any CPU = Release|Any CPU
	EndGlobalSection
	GlobalSection(ProjectConfigurationPlatforms) = postSolution
		{64D677D3-0544-4960-9088-7DC6C9BAF66C}.Debug|Any CPU.ActiveCfg = Debug|Any CPU
		{64D677D3-0544-4960-9088-7DC6C9BAF66C}.Debug|Any CPU.Build.0 = Debug|Any CPU
		{64D677D3-0544-4960-9088-7DC6C9BAF66C}.Release|Any CPU.ActiveCfg = Release|Any CPU
		{64D677D3-0544-4960-9088-7DC6C9BAF66C}.Release|Any CPU.Build.0 = Release|Any CPU
	EndGlobalSection
	GlobalSection(SolutionProperties) = preSolution
		HideSolutionNode = FALSE
	EndGlobalSection
EndGlobal
